{
  "projects": [
    {
      "projectId": "gT4hmyT4Gfq9iSDYjENowj",
      "version": "latest",
      "dependencies": {},
      "lang": "ts",
      "fileLocks": [
        {
          "type": "renderModule",
          "assetId": "KWfxXajnWu",
          "checksum": "fe5e8a67357c6fe47e5db4ca061bf6ff"
        },
        {
          "type": "cssRules",
          "assetId": "KWfxXajnWu",
          "checksum": "fe5e8a67357c6fe47e5db4ca061bf6ff"
        },
        {
          "type": "renderModule",
          "assetId": "dOZy09vtnC",
          "checksum": "b714f3c97b17b46852b8787f1ee763f8"
        },
        {
          "type": "cssRules",
          "assetId": "dOZy09vtnC",
          "checksum": "b714f3c97b17b46852b8787f1ee763f8"
        },
        {
          "type": "renderModule",
          "assetId": "kRizaozASn",
          "checksum": "9f6f6ef7b56ca5f6f5486dc29205eee7"
        },
        {
          "type": "cssRules",
          "assetId": "kRizaozASn",
          "checksum": "9f6f6ef7b56ca5f6f5486dc29205eee7"
        },
        {
          "type": "renderModule",
          "assetId": "Q3hbGENLFV",
          "checksum": "8689e637e61d30d1a1152187224ca7b5"
        },
        {
          "type": "cssRules",
          "assetId": "Q3hbGENLFV",
          "checksum": "8689e637e61d30d1a1152187224ca7b5"
        },
        {
          "type": "renderModule",
          "assetId": "zw2ccU1Fo5",
          "checksum": "f3a064b17d2ed185f00fee92f00587db"
        },
        {
          "type": "cssRules",
          "assetId": "zw2ccU1Fo5",
          "checksum": "f3a064b17d2ed185f00fee92f00587db"
        },
        {
          "assetId": "gT4hmyT4Gfq9iSDYjENowj",
          "type": "projectCss",
          "checksum": "f41960acdfd8502f42de862a86c0fc2e"
        },
        {
          "type": "icon",
          "assetId": "9nQKOzEv7H",
          "checksum": "5e1b57cfd09b9212132f71c3fe24ecb1"
        }
      ]
    },
    {
      "projectId": "e4qXpFP5tWzGzXi3FLKd23",
      "version": "latest",
      "dependencies": {},
      "lang": "ts",
      "fileLocks": [
        {
          "type": "renderModule",
          "assetId": "9oUuTSJtWFkW",
          "checksum": "8a9be58a2508ee5f6cef2e9ef3947dcf"
        },
        {
          "type": "cssRules",
          "assetId": "9oUuTSJtWFkW",
          "checksum": "8a9be58a2508ee5f6cef2e9ef3947dcf"
        },
        {
          "type": "renderModule",
          "assetId": "UpgJDo2hVqdbo",
          "checksum": "51f3a9d57b7aab2af05e5423810ff3d6"
        },
        {
          "type": "cssRules",
          "assetId": "UpgJDo2hVqdbo",
          "checksum": "51f3a9d57b7aab2af05e5423810ff3d6"
        },
        {
          "type": "renderModule",
          "assetId": "DRbXCDrlw4CmQ",
          "checksum": "92a4ad154fcccbf7d90577a71c691924"
        },
        {
          "type": "cssRules",
          "assetId": "DRbXCDrlw4CmQ",
          "checksum": "92a4ad154fcccbf7d90577a71c691924"
        },
        {
          "type": "renderModule",
          "assetId": "F6gmvD7KGTWRg",
          "checksum": "e58cfb44a23acecd76c31847227ad4d5"
        },
        {
          "type": "cssRules",
          "assetId": "F6gmvD7KGTWRg",
          "checksum": "e58cfb44a23acecd76c31847227ad4d5"
        },
        {
          "type": "renderModule",
          "assetId": "FY0SzmwCIhUAv",
          "checksum": "13b55aef233869ddf7b19db770d078a8"
        },
        {
          "type": "cssRules",
          "assetId": "FY0SzmwCIhUAv",
          "checksum": "13b55aef233869ddf7b19db770d078a8"
        },
        {
          "assetId": "e4qXpFP5tWzGzXi3FLKd23",
          "type": "projectCss",
          "checksum": "f41960acdfd8502f42de862a86c0fc2e"
        },
        {
          "type": "icon",
          "assetId": "dNXiJAM4L7GyT",
          "checksum": "a1da8dc5b6c6525c3da54649b70807aa"
        }
      ]
    }
  ],
  "cliVersion": "0.1.119"
}
